{
  "requires": true,
  "lockfileVersion": 1,
  "dependencies": {
    "react-native-background-fetch": {
      "version": "4.1.5",
      "resolved": "https://registry.npmjs.org/react-native-background-fetch/-/react-native-background-fetch-4.1.5.tgz",
      "integrity": "sha512-fi1fE59lw2pMkhy8O2svpo21AkaUnkuP8/8Ru2FrzJ+oJ9Qe8uh9Lh96caN75Bax06sLmR4WkhP0cRHcUp/wpQ=="
    },
    "react-native-background-geolocation": {
      "version": "4.9.4",
      "resolved": "https://registry.npmjs.org/react-native-background-geolocation/-/react-native-background-geolocation-4.9.4.tgz",
      "integrity": "sha512-Pf2MfnrZhpVTcK868SmevIQLLxse76Q5QREQhFdCkzje70i+zissosKIRtf5uh4gsLpBM+RBeSuIMfQhY7iL2A==",
      "requires": {
        "react-native-background-fetch": "~4.1.5"
      }
    }
  }
}
